
Microsoft Visual Studio Solution File, Format Version 12.00
# Visual Studio 14
VisualStudioVersion = 14.0.25123.0
MinimumVisualStudioVersion = 10.0.40219.1
Project("{2150E333-8FDC-42A3-9474-1A3956D46DE8}") = "1-Layers", "1-Layers", "{4E230DFD-305A-4196-ABD8-BE3B40D8375D}"
EndProject
Project("{2150E333-8FDC-42A3-9474-1A3956D46DE8}") = "1.1-Presentation", "1.1-Presentation", "{A86FC291-1BA8-4F57-A3B0-94E1C0630271}"
EndProject
Project("{2150E333-8FDC-42A3-9474-1A3956D46DE8}") = "1.2-DistributedServices", "1.2-DistributedServices", "{26D60277-90CA-4EC9-85D4-FA249B57116B}"
EndProject
Project("{2150E333-8FDC-42A3-9474-1A3956D46DE8}") = "1.3-Application", "1.3-Application", "{9AA0F937-4B95-4DA0-A913-515D62A9C3D3}"
EndProject
Project("{2150E333-8FDC-42A3-9474-1A3956D46DE8}") = "1.4-Domain", "1.4-Domain", "{8B03690C-07BC-453B-BD1D-A716179656AA}"
EndProject
Project("{2150E333-8FDC-42A3-9474-1A3956D46DE8}") = "1.5-Infrastructure", "1.5-Infrastructure", "{427BD4C0-6C5B-4179-B595-1B64B4094839}"
EndProject
Project("{FAE04EC0-301F-11D3-BF4B-00C04F79EFBC}") = "Domain.Seedwork", "Domain.Seedwork\Domain.Seedwork.csproj", "{EA47677D-33AB-401F-B0DF-023D3E223B8D}"
EndProject
Project("{FAE04EC0-301F-11D3-BF4B-00C04F79EFBC}") = "ExtIocExample.Domain", "ExtIocExample.Domain\ExtIocExample.Domain.csproj", "{DA71424D-CCBB-4EE4-A549-4B1219EC0860}"
EndProject
Project("{FAE04EC0-301F-11D3-BF4B-00C04F79EFBC}") = "Application.Seedwork", "Application.Seedwork\Application.Seedwork.csproj", "{62576A65-AC0B-45F6-9004-5EABFADE3140}"
EndProject
Project("{FAE04EC0-301F-11D3-BF4B-00C04F79EFBC}") = "ExtIocExample.Application", "ExtIocExample.Application\ExtIocExample.Application.csproj", "{C9640EA2-7E2E-4DA8-8DB6-BBFE54321314}"
EndProject
Project("{FAE04EC0-301F-11D3-BF4B-00C04F79EFBC}") = "ExtIocExample.DistributedServices.WebApi", "ExtIocExample.DistributedServices.WebApi\ExtIocExample.DistributedServices.WebApi.csproj", "{69864EEE-5D00-4EA6-8B02-59577B4B6EBE}"
	ProjectSection(ProjectDependencies) = postProject
		{DA71424D-CCBB-4EE4-A549-4B1219EC0860} = {DA71424D-CCBB-4EE4-A549-4B1219EC0860}
		{8A6C3678-596F-4ECE-8EE2-0BF28AC22C62} = {8A6C3678-596F-4ECE-8EE2-0BF28AC22C62}
		{EA47677D-33AB-401F-B0DF-023D3E223B8D} = {EA47677D-33AB-401F-B0DF-023D3E223B8D}
	EndProjectSection
EndProject
Project("{2150E333-8FDC-42A3-9474-1A3956D46DE8}") = "1.5.1-Data", "1.5.1-Data", "{53449128-54DA-4A8F-943D-8207DCB740FF}"
EndProject
Project("{2150E333-8FDC-42A3-9474-1A3956D46DE8}") = "1.5.2-Crosscutting", "1.5.2-Crosscutting", "{D598AE38-12D4-46CD-B787-F45A5E45F135}"
EndProject
Project("{2150E333-8FDC-42A3-9474-1A3956D46DE8}") = "1.5.2.1-IoC", "1.5.2.1-IoC", "{3111CD4D-1B10-49CD-91E0-164F56C9B0DE}"
EndProject
Project("{2150E333-8FDC-42A3-9474-1A3956D46DE8}") = "1.5.2.2-ExternalServices", "1.5.2.2-ExternalServices", "{6F202F45-1F06-47DF-BAA0-354482D34A21}"
EndProject
Project("{FAE04EC0-301F-11D3-BF4B-00C04F79EFBC}") = "Infrastructure.Data", "Infrastructure.Data\Infrastructure.Data.csproj", "{8A6C3678-596F-4ECE-8EE2-0BF28AC22C62}"
EndProject
Project("{FAE04EC0-301F-11D3-BF4B-00C04F79EFBC}") = "Infrastructure.Crosscutting.ExternalServices", "Infrastructure.Crosscutting.ExternalServices\Infrastructure.Crosscutting.ExternalServices.csproj", "{2F70ECE0-BD41-474F-909E-7B5BAD3D08C3}"
EndProject
Project("{FAE04EC0-301F-11D3-BF4B-00C04F79EFBC}") = "Infrastructure.Crosscutting.IoC.Seedwork", "Infrastructure.Crosscutting.IoC.Seedwork\Infrastructure.Crosscutting.IoC.Seedwork.csproj", "{99C9D24E-1903-4432-9B78-87CDFE8CFCEB}"
EndProject
Global
	GlobalSection(SolutionConfigurationPlatforms) = preSolution
		Debug|Any CPU = Debug|Any CPU
		Release|Any CPU = Release|Any CPU
	EndGlobalSection
	GlobalSection(ProjectConfigurationPlatforms) = postSolution
		{EA47677D-33AB-401F-B0DF-023D3E223B8D}.Debug|Any CPU.ActiveCfg = Debug|Any CPU
		{EA47677D-33AB-401F-B0DF-023D3E223B8D}.Debug|Any CPU.Build.0 = Debug|Any CPU
		{EA47677D-33AB-401F-B0DF-023D3E223B8D}.Release|Any CPU.ActiveCfg = Release|Any CPU
		{EA47677D-33AB-401F-B0DF-023D3E223B8D}.Release|Any CPU.Build.0 = Release|Any CPU
		{DA71424D-CCBB-4EE4-A549-4B1219EC0860}.Debug|Any CPU.ActiveCfg = Debug|Any CPU
		{DA71424D-CCBB-4EE4-A549-4B1219EC0860}.Debug|Any CPU.Build.0 = Debug|Any CPU
		{DA71424D-CCBB-4EE4-A549-4B1219EC0860}.Release|Any CPU.ActiveCfg = Release|Any CPU
		{DA71424D-CCBB-4EE4-A549-4B1219EC0860}.Release|Any CPU.Build.0 = Release|Any CPU
		{62576A65-AC0B-45F6-9004-5EABFADE3140}.Debug|Any CPU.ActiveCfg = Debug|Any CPU
		{62576A65-AC0B-45F6-9004-5EABFADE3140}.Debug|Any CPU.Build.0 = Debug|Any CPU
		{62576A65-AC0B-45F6-9004-5EABFADE3140}.Release|Any CPU.ActiveCfg = Release|Any CPU
		{62576A65-AC0B-45F6-9004-5EABFADE3140}.Release|Any CPU.Build.0 = Release|Any CPU
		{C9640EA2-7E2E-4DA8-8DB6-BBFE54321314}.Debug|Any CPU.ActiveCfg = Debug|Any CPU
		{C9640EA2-7E2E-4DA8-8DB6-BBFE54321314}.Debug|Any CPU.Build.0 = Debug|Any CPU
		{C9640EA2-7E2E-4DA8-8DB6-BBFE54321314}.Release|Any CPU.ActiveCfg = Release|Any CPU
		{C9640EA2-7E2E-4DA8-8DB6-BBFE54321314}.Release|Any CPU.Build.0 = Release|Any CPU
		{69864EEE-5D00-4EA6-8B02-59577B4B6EBE}.Debug|Any CPU.ActiveCfg = Debug|Any CPU
		{69864EEE-5D00-4EA6-8B02-59577B4B6EBE}.Debug|Any CPU.Build.0 = Debug|Any CPU
		{69864EEE-5D00-4EA6-8B02-59577B4B6EBE}.Release|Any CPU.ActiveCfg = Release|Any CPU
		{69864EEE-5D00-4EA6-8B02-59577B4B6EBE}.Release|Any CPU.Build.0 = Release|Any CPU
		{8A6C3678-596F-4ECE-8EE2-0BF28AC22C62}.Debug|Any CPU.ActiveCfg = Debug|Any CPU
		{8A6C3678-596F-4ECE-8EE2-0BF28AC22C62}.Debug|Any CPU.Build.0 = Debug|Any CPU
		{8A6C3678-596F-4ECE-8EE2-0BF28AC22C62}.Release|Any CPU.ActiveCfg = Release|Any CPU
		{8A6C3678-596F-4ECE-8EE2-0BF28AC22C62}.Release|Any CPU.Build.0 = Release|Any CPU
		{2F70ECE0-BD41-474F-909E-7B5BAD3D08C3}.Debug|Any CPU.ActiveCfg = Debug|Any CPU
		{2F70ECE0-BD41-474F-909E-7B5BAD3D08C3}.Debug|Any CPU.Build.0 = Debug|Any CPU
		{2F70ECE0-BD41-474F-909E-7B5BAD3D08C3}.Release|Any CPU.ActiveCfg = Release|Any CPU
		{2F70ECE0-BD41-474F-909E-7B5BAD3D08C3}.Release|Any CPU.Build.0 = Release|Any CPU
		{99C9D24E-1903-4432-9B78-87CDFE8CFCEB}.Debug|Any CPU.ActiveCfg = Debug|Any CPU
		{99C9D24E-1903-4432-9B78-87CDFE8CFCEB}.Debug|Any CPU.Build.0 = Debug|Any CPU
		{99C9D24E-1903-4432-9B78-87CDFE8CFCEB}.Release|Any CPU.ActiveCfg = Release|Any CPU
		{99C9D24E-1903-4432-9B78-87CDFE8CFCEB}.Release|Any CPU.Build.0 = Release|Any CPU
	EndGlobalSection
	GlobalSection(SolutionProperties) = preSolution
		HideSolutionNode = FALSE
	EndGlobalSection
	GlobalSection(NestedProjects) = preSolution
		{A86FC291-1BA8-4F57-A3B0-94E1C0630271} = {4E230DFD-305A-4196-ABD8-BE3B40D8375D}
		{26D60277-90CA-4EC9-85D4-FA249B57116B} = {4E230DFD-305A-4196-ABD8-BE3B40D8375D}
		{9AA0F937-4B95-4DA0-A913-515D62A9C3D3} = {4E230DFD-305A-4196-ABD8-BE3B40D8375D}
		{8B03690C-07BC-453B-BD1D-A716179656AA} = {4E230DFD-305A-4196-ABD8-BE3B40D8375D}
		{427BD4C0-6C5B-4179-B595-1B64B4094839} = {4E230DFD-305A-4196-ABD8-BE3B40D8375D}
		{EA47677D-33AB-401F-B0DF-023D3E223B8D} = {8B03690C-07BC-453B-BD1D-A716179656AA}
		{DA71424D-CCBB-4EE4-A549-4B1219EC0860} = {8B03690C-07BC-453B-BD1D-A716179656AA}
		{62576A65-AC0B-45F6-9004-5EABFADE3140} = {9AA0F937-4B95-4DA0-A913-515D62A9C3D3}
		{C9640EA2-7E2E-4DA8-8DB6-BBFE54321314} = {9AA0F937-4B95-4DA0-A913-515D62A9C3D3}
		{69864EEE-5D00-4EA6-8B02-59577B4B6EBE} = {26D60277-90CA-4EC9-85D4-FA249B57116B}
		{53449128-54DA-4A8F-943D-8207DCB740FF} = {427BD4C0-6C5B-4179-B595-1B64B4094839}
		{D598AE38-12D4-46CD-B787-F45A5E45F135} = {427BD4C0-6C5B-4179-B595-1B64B4094839}
		{3111CD4D-1B10-49CD-91E0-164F56C9B0DE} = {D598AE38-12D4-46CD-B787-F45A5E45F135}
		{6F202F45-1F06-47DF-BAA0-354482D34A21} = {D598AE38-12D4-46CD-B787-F45A5E45F135}
		{8A6C3678-596F-4ECE-8EE2-0BF28AC22C62} = {53449128-54DA-4A8F-943D-8207DCB740FF}
		{2F70ECE0-BD41-474F-909E-7B5BAD3D08C3} = {6F202F45-1F06-47DF-BAA0-354482D34A21}
		{99C9D24E-1903-4432-9B78-87CDFE8CFCEB} = {3111CD4D-1B10-49CD-91E0-164F56C9B0DE}
	EndGlobalSection
EndGlobal
